
Microsoft Visual Studio Solution File, Format Version 12.00
# Visual Studio Version 17
VisualStudioVersion = 17.9.34616.47
MinimumVisualStudioVersion = 10.0.40219.1
Project("{8BC9CEB8-8B4A-11D0-8D11-00A0C91BC942}") = "UCP1 PEMDAS_083", "UCP1 PEMDAS_083\UCP1 PEMDAS_083.vcxproj", "{81773ADC-0391-4CE2-BA2A-F278CA6B41F5}"
EndProject
Global
	GlobalSection(SolutionConfigurationPlatforms) = preSolution
		Debug|x64 = Debug|x64
		Debug|x86 = Debug|x86
		Release|x64 = Release|x64
		Release|x86 = Release|x86
	EndGlobalSection
	GlobalSection(ProjectConfigurationPlatforms) = postSolution
		{81773ADC-0391-4CE2-BA2A-F278CA6B41F5}.Debug|x64.ActiveCfg = Debug|x64
		{81773ADC-0391-4CE2-BA2A-F278CA6B41F5}.Debug|x64.Build.0 = Debug|x64
		{81773ADC-0391-4CE2-BA2A-F278CA6B41F5}.Debug|x86.ActiveCfg = Debug|Win32
		{81773ADC-0391-4CE2-BA2A-F278CA6B41F5}.Debug|x86.Build.0 = Debug|Win32
		{81773ADC-0391-4CE2-BA2A-F278CA6B41F5}.Release|x64.ActiveCfg = Release|x64
		{81773ADC-0391-4CE2-BA2A-F278CA6B41F5}.Release|x64.Build.0 = Release|x64
		{81773ADC-0391-4CE2-BA2A-F278CA6B41F5}.Release|x86.ActiveCfg = Release|Win32
		{81773ADC-0391-4CE2-BA2A-F278CA6B41F5}.Release|x86.Build.0 = Release|Win32
	EndGlobalSection
	GlobalSection(SolutionProperties) = preSolution
		HideSolutionNode = FALSE
	EndGlobalSection
	GlobalSection(ExtensibilityGlobals) = postSolution
		SolutionGuid = {C9F9E7DF-BEA1-4F57-BCEB-60F52BD0F3E6}
	EndGlobalSection
EndGlobal
